
Microsoft Visual Studio Solution File, Format Version 11.00
# Visual C# Express 2010
Project("{FAE04EC0-301F-11D3-BF4B-00C04F79EFBC}") = "AsteriaLibrary", "AsteriaLibrary\AsteriaLibrary.csproj", "{E83AFAA8-4C7E-4AE8-A79F-135F5F8C60B8}"
EndProject
Project("{FAE04EC0-301F-11D3-BF4B-00C04F79EFBC}") = "AsteriaLoginServer", "AsteriaLoginServer\AsteriaLoginServer.csproj", "{CE046B98-7CF9-4F3E-8FBB-15D763804318}"
EndProject
Project("{FAE04EC0-301F-11D3-BF4B-00C04F79EFBC}") = "AsteriaWorldServer", "AsteriaWorldServer\AsteriaWorldServer.csproj", "{EF18975C-9AA2-49F7-BCFA-F86509A9A349}"
EndProject
Global
	GlobalSection(SolutionConfigurationPlatforms) = preSolution
		Debug|Any CPU = Debug|Any CPU
		Debug|Mixed Platforms = Debug|Mixed Platforms
		Debug|x86 = Debug|x86
		Release|Any CPU = Release|Any CPU
		Release|Mixed Platforms = Release|Mixed Platforms
		Release|x86 = Release|x86
	EndGlobalSection
	GlobalSection(ProjectConfigurationPlatforms) = postSolution
		{E83AFAA8-4C7E-4AE8-A79F-135F5F8C60B8}.Debug|Any CPU.ActiveCfg = Debug|Any CPU
		{E83AFAA8-4C7E-4AE8-A79F-135F5F8C60B8}.Debug|Any CPU.Build.0 = Debug|Any CPU
		{E83AFAA8-4C7E-4AE8-A79F-135F5F8C60B8}.Debug|Mixed Platforms.ActiveCfg = Debug|Any CPU
		{E83AFAA8-4C7E-4AE8-A79F-135F5F8C60B8}.Debug|Mixed Platforms.Build.0 = Debug|Any CPU
		{E83AFAA8-4C7E-4AE8-A79F-135F5F8C60B8}.Debug|x86.ActiveCfg = Debug|Any CPU
		{E83AFAA8-4C7E-4AE8-A79F-135F5F8C60B8}.Release|Any CPU.ActiveCfg = Release|Any CPU
		{E83AFAA8-4C7E-4AE8-A79F-135F5F8C60B8}.Release|Any CPU.Build.0 = Release|Any CPU
		{E83AFAA8-4C7E-4AE8-A79F-135F5F8C60B8}.Release|Mixed Platforms.ActiveCfg = Release|Any CPU
		{E83AFAA8-4C7E-4AE8-A79F-135F5F8C60B8}.Release|Mixed Platforms.Build.0 = Release|Any CPU
		{E83AFAA8-4C7E-4AE8-A79F-135F5F8C60B8}.Release|x86.ActiveCfg = Release|Any CPU
		{CE046B98-7CF9-4F3E-8FBB-15D763804318}.Debug|Any CPU.ActiveCfg = Debug|x86
		{CE046B98-7CF9-4F3E-8FBB-15D763804318}.Debug|Mixed Platforms.ActiveCfg = Debug|x86
		{CE046B98-7CF9-4F3E-8FBB-15D763804318}.Debug|Mixed Platforms.Build.0 = Debug|x86
		{CE046B98-7CF9-4F3E-8FBB-15D763804318}.Debug|x86.ActiveCfg = Debug|x86
		{CE046B98-7CF9-4F3E-8FBB-15D763804318}.Debug|x86.Build.0 = Debug|x86
		{CE046B98-7CF9-4F3E-8FBB-15D763804318}.Release|Any CPU.ActiveCfg = Release|x86
		{CE046B98-7CF9-4F3E-8FBB-15D763804318}.Release|Mixed Platforms.ActiveCfg = Release|x86
		{CE046B98-7CF9-4F3E-8FBB-15D763804318}.Release|Mixed Platforms.Build.0 = Release|x86
		{CE046B98-7CF9-4F3E-8FBB-15D763804318}.Release|x86.ActiveCfg = Release|x86
		{CE046B98-7CF9-4F3E-8FBB-15D763804318}.Release|x86.Build.0 = Release|x86
		{EF18975C-9AA2-49F7-BCFA-F86509A9A349}.Debug|Any CPU.ActiveCfg = Debug|x86
		{EF18975C-9AA2-49F7-BCFA-F86509A9A349}.Debug|Mixed Platforms.ActiveCfg = Debug|x86
		{EF18975C-9AA2-49F7-BCFA-F86509A9A349}.Debug|Mixed Platforms.Build.0 = Debug|x86
		{EF18975C-9AA2-49F7-BCFA-F86509A9A349}.Debug|x86.ActiveCfg = Debug|x86
		{EF18975C-9AA2-49F7-BCFA-F86509A9A349}.Debug|x86.Build.0 = Debug|x86
		{EF18975C-9AA2-49F7-BCFA-F86509A9A349}.Release|Any CPU.ActiveCfg = Release|x86
		{EF18975C-9AA2-49F7-BCFA-F86509A9A349}.Release|Mixed Platforms.ActiveCfg = Release|x86
		{EF18975C-9AA2-49F7-BCFA-F86509A9A349}.Release|Mixed Platforms.Build.0 = Release|x86
		{EF18975C-9AA2-49F7-BCFA-F86509A9A349}.Release|x86.ActiveCfg = Release|x86
		{EF18975C-9AA2-49F7-BCFA-F86509A9A349}.Release|x86.Build.0 = Release|x86
	EndGlobalSection
	GlobalSection(SolutionProperties) = preSolution
		HideSolutionNode = FALSE
	EndGlobalSection
EndGlobal
